// !$*UTF8*$!
{
	archiveVersion = 1;
	classes = {
	};
	objectVersion = 50;
	objects = {

/* Begin PBXBuildFile section */
		2B72FA7A26B1CA420002C540 /* AppDelegate.swift in Sources */ = {isa = PBXBuildFile; fileRef = 2B72FA7926B1CA420002C540 /* AppDelegate.swift */; };
		2B72FA7C26B1CA420002C540 /* SceneDelegate.swift in Sources */ = {isa = PBXBuildFile; fileRef = 2B72FA7B26B1CA420002C540 /* SceneDelegate.swift */; };
		2B72FA7E26B1CA420002C540 /* ViewController.swift in Sources */ = {isa = PBXBuildFile; fileRef = 2B72FA7D26B1CA420002C540 /* ViewController.swift */; };
		2B72FA8126B1CA420002C540 /* Main.storyboard in Resources */ = {isa = PBXBuildFile; fileRef = 2B72FA7F26B1CA420002C540 /* Main.storyboard */; };
		2B72FA8426B1CA430002C540 /* Actions_outlets.xcdatamodeld in Sources */ = {isa = PBXBuildFile; fileRef = 2B72FA8226B1CA420002C540 /* Actions_outlets.xcdatamodeld */; };
		2B72FA8626B1CA520002C540 /* Assets.xcassets in Resources */ = {isa = PBXBuildFile; fileRef = 2B72FA8526B1CA520002C540 /* Assets.xcassets */; };
		2B72FA8926B1CA520002C540 /* LaunchScreen.storyboard in Resources */ = {isa = PBXBuildFile; fileRef = 2B72FA8726B1CA520002C540 /* LaunchScreen.storyboard */; };
		2B72FA9426B1CA530002C540 /* Actions_outletsTests.swift in Sources */ = {isa = PBXBuildFile; fileRef = 2B72FA9326B1CA530002C540 /* Actions_outletsTests.swift */; };
		2B72FA9F26B1CA530002C540 /* Actions_outletsUITests.swift in Sources */ = {isa = PBXBuildFile; fileRef = 2B72FA9E26B1CA530002C540 /* Actions_outletsUITests.swift */; };
/* End PBXBuildFile section */

/* Begin PBXContainerItemProxy section */
		2B72FA9026B1CA530002C540 /* PBXContainerItemProxy */ = {
			isa = PBXContainerItemProxy;
			containerPortal = 2B72FA6E26B1CA420002C540 /* Project object */;
			proxyType = 1;
			remoteGlobalIDString = 2B72FA7526B1CA420002C540;
			remoteInfo = "Actions&outlets";
		};
		2B72FA9B26B1CA530002C540 /* PBXContainerItemProxy */ = {
			isa = PBXContainerItemProxy;
			containerPortal = 2B72FA6E26B1CA420002C540 /* Project object */;
			proxyType = 1;
			remoteGlobalIDString = 2B72FA7526B1CA420002C540;
			remoteInfo = "Actions&outlets";
		};
/* End PBXContainerItemProxy section */

/* Begin PBXFileReference section */
		2B72FA7626B1CA420002C540 /* Actions&outlets.app */ = {isa = PBXFileReference; explicitFileType = wrapper.application; includeInIndex = 0; path = "Actions&outlets.app"; sourceTree = BUILT_PRODUCTS_DIR; };
		2B72FA7926B1CA420002C540 /* AppDelegate.swift */ = {isa = PBXFileReference; lastKnownFileType = sourcecode.swift; path = AppDelegate.swift; sourceTree = "<group>"; };
		2B72FA7B26B1CA420002C540 /* SceneDelegate.swift */ = {isa = PBXFileReference; lastKnownFileType = sourcecode.swift; path = SceneDelegate.swift; sourceTree = "<group>"; };
		2B72FA7D26B1CA420002C540 /* ViewController.swift */ = {isa = PBXFileReference; lastKnownFileType = sourcecode.swift; path = ViewController.swift; sourceTree = "<group>"; };
		2B72FA8026B1CA420002C540 /* Base */ = {isa = PBXFileReference; lastKnownFileType = file.storyboard; name = Base; path = Base.lproj/Main.storyboard; sourceTree = "<group>"; };
		2B72FA8326B1CA420002C540 /* Actions_outlets.xcdatamodel */ = {isa = PBXFileReference; lastKnownFileType = wrapper.xcdatamodel; path = Actions_outlets.xcdatamodel; sourceTree = "<group>"; };
		2B72FA8526B1CA520002C540 /* Assets.xcassets */ = {isa = PBXFileReference; lastKnownFileType = folder.assetcatalog; path = Assets.xcassets; sourceTree = "<group>"; };
		2B72FA8826B1CA520002C540 /* Base */ = {isa = PBXFileReference; lastKnownFileType = file.storyboard; name = Base; path = Base.lproj/LaunchScreen.storyboard; sourceTree = "<group>"; };
		2B72FA8A26B1CA520002C540 /* Info.plist */ = {isa = PBXFileReference; lastKnownFileType = text.plist.xml; path = Info.plist; sourceTree = "<group>"; };
		2B72FA8F26B1CA530002C540 /* Actions&outletsTests.xctest */ = {isa = PBXFileReference; explicitFileType = wrapper.cfbundle; includeInIndex = 0; path = "Actions&outletsTests.xctest"; sourceTree = BUILT_PRODUCTS_DIR; };
		2B72FA9326B1CA530002C540 /* Actions_outletsTests.swift */ = {isa = PBXFileReference; lastKnownFileType = sourcecode.swift; path = Actions_outletsTests.swift; sourceTree = "<group>"; };
		2B72FA9526B1CA530002C540 /* Info.plist */ = {isa = PBXFileReference; lastKnownFileType = text.plist.xml; path = Info.plist; sourceTree = "<group>"; };
		2B72FA9A26B1CA530002C540 /* Actions&outletsUITests.xctest */ = {isa = PBXFileReference; explicitFileType = wrapper.cfbundle; includeInIndex = 0; path = "Actions&outletsUITests.xctest"; sourceTree = BUILT_PRODUCTS_DIR; };
		2B72FA9E26B1CA530002C540 /* Actions_outletsUITests.swift */ = {isa = PBXFileReference; lastKnownFileType = sourcecode.swift; path = Actions_outletsUITests.swift; sourceTree = "<group>"; };
		2B72FAA026B1CA530002C540 /* Info.plist */ = {isa = PBXFileReference; lastKnownFileType = text.plist.xml; path = Info.plist; sourceTree = "<group>"; };
/* End PBXFileReference section */

/* Begin PBXFrameworksBuildPhase section */
		2B72FA7326B1CA420002C540 /* Frameworks */ = {
			isa = PBXFrameworksBuildPhase;
			buildActionMask = 2147483647;
			files = (
			);
			runOnlyForDeploymentPostprocessing = 0;
		};
		2B72FA8C26B1CA520002C540 /* Frameworks */ = {
			isa = PBXFrameworksBuildPhase;
			buildActionMask = 2147483647;
			files = (
			);
			runOnlyForDeploymentPostprocessing = 0;
		};
		2B72FA9726B1CA530002C540 /* Frameworks */ = {
			isa = PBXFrameworksBuildPhase;
			buildActionMask = 2147483647;
			files = (
			);
			runOnlyForDeploymentPostprocessing = 0;
		};
/* End PBXFrameworksBuildPhase section */

/* Begin PBXGroup section */
		2B72FA6D26B1CA420002C540 = {
			isa = PBXGroup;
			children = (
				2B72FA7826B1CA420002C540 /* Actions&outlets */,
				2B72FA9226B1CA530002C540 /* Actions&outletsTests */,
				2B72FA9D26B1CA530002C540 /* Actions&outletsUITests */,
				2B72FA7726B1CA420002C540 /* Products */,
			);
			sourceTree = "<group>";
		};
		2B72FA7726B1CA420002C540 /* Products */ = {
			isa = PBXGroup;
			children = (
				2B72FA7626B1CA420002C540 /* Actions&outlets.app */,
				2B72FA8F26B1CA530002C540 /* Actions&outletsTests.xctest */,
				2B72FA9A26B1CA530002C540 /* Actions&outletsUITests.xctest */,
			);
			name = Products;
			sourceTree = "<group>";
		};
		2B72FA7826B1CA420002C540 /* Actions&outlets */ = {
			isa = PBXGroup;
			children = (
				2B72FA7926B1CA420002C540 /* AppDelegate.swift */,
				2B72FA7B26B1CA420002C540 /* SceneDelegate.swift */,
				2B72FA7D26B1CA420002C540 /* ViewController.swift */,
				2B72FA7F26B1CA420002C540 /* Main.storyboard */,
				2B72FA8526B1CA520002C540 /* Assets.xcassets */,
				2B72FA8726B1CA520002C540 /* LaunchScreen.storyboard */,
				2B72FA8A26B1CA520002C540 /* Info.plist */,
				2B72FA8226B1CA420002C540 /* Actions_outlets.xcdatamodeld */,
			);
			path = "Actions&outlets";
			sourceTree = "<group>";
		};
		2B72FA9226B1CA530002C540 /* Actions&outletsTests */ = {
			isa = PBXGroup;
			children = (
				2B72FA9326B1CA530002C540 /* Actions_outletsTests.swift */,
				2B72FA9526B1CA530002C540 /* Info.plist */,
			);
			path = "Actions&outletsTests";
			sourceTree = "<group>";
		};
		2B72FA9D26B1CA530002C540 /* Actions&outletsUITests */ = {
			isa = PBXGroup;
			children = (
				2B72FA9E26B1CA530002C540 /* Actions_outletsUITests.swift */,
				2B72FAA026B1CA530002C540 /* Info.plist */,
			);
			path = "Actions&outletsUITests";
			sourceTree = "<group>";
		};
/* End PBXGroup section */

/* Begin PBXNativeTarget section */
		2B72FA7526B1CA420002C540 /* Actions&outlets */ = {
			isa = PBXNativeTarget;
			buildConfigurationList = 2B72FAA326B1CA530002C540 /* Build configuration list for PBXNativeTarget "Actions&outlets" */;
			buildPhases = (
				2B72FA7226B1CA420002C540 /* Sources */,
				2B72FA7326B1CA420002C540 /* Frameworks */,
				2B72FA7426B1CA420002C540 /* Resources */,
			);
			buildRules = (
			);
			dependencies = (
			);
			name = "Actions&outlets";
			productName = "Actions&outlets";
			productReference = 2B72FA7626B1CA420002C540 /* Actions&outlets.app */;
			productType = "com.apple.product-type.application";
		};
		2B72FA8E26B1CA520002C540 /* Actions&outletsTests */ = {
			isa = PBXNativeTarget;
			buildConfigurationList = 2B72FAA626B1CA530002C540 /* Build configuration list for PBXNativeTarget "Actions&outletsTests" */;
			buildPhases = (
				2B72FA8B26B1CA520002C540 /* Sources */,
				2B72FA8C26B1CA520002C540 /* Frameworks */,
				2B72FA8D26B1CA520002C540 /* Resources */,
			);
			buildRules = (
			);
			dependencies = (
				2B72FA9126B1CA530002C540 /* PBXTargetDependency */,
			);
			name = "Actions&outletsTests";
			productName = "Actions&outletsTests";
			productReference = 2B72FA8F26B1CA530002C540 /* Actions&outletsTests.xctest */;
			productType = "com.apple.product-type.bundle.unit-test";
		};
		2B72FA9926B1CA530002C540 /* Actions&outletsUITests */ = {
			isa = PBXNativeTarget;
			buildConfigurationList = 2B72FAA926B1CA530002C540 /* Build configuration list for PBXNativeTarget "Actions&outletsUITests" */;
			buildPhases = (
				2B72FA9626B1CA530002C540 /* Sources */,
				2B72FA9726B1CA530002C540 /* Frameworks */,
				2B72FA9826B1CA530002C540 /* Resources */,
			);
			buildRules = (
			);
			dependencies = (
				2B72FA9C26B1CA530002C540 /* PBXTargetDependency */,
			);
			name = "Actions&outletsUITests";
			productName = "Actions&outletsUITests";
			productReference = 2B72FA9A26B1CA530002C540 /* Actions&outletsUITests.xctest */;
			productType = "com.apple.product-type.bundle.ui-testing";
		};
/* End PBXNativeTarget section */

/* Begin PBXProject section */
		2B72FA6E26B1CA420002C540 /* Project object */ = {
			isa = PBXProject;
			attributes = {
				LastSwiftUpdateCheck = 1250;
				LastUpgradeCheck = 1250;
				TargetAttributes = {
					2B72FA7526B1CA420002C540 = {
						CreatedOnToolsVersion = 12.5.1;
					};
					2B72FA8E26B1CA520002C540 = {
						CreatedOnToolsVersion = 12.5.1;
						TestTargetID = 2B72FA7526B1CA420002C540;
					};
					2B72FA9926B1CA530002C540 = {
						CreatedOnToolsVersion = 12.5.1;
						TestTargetID = 2B72FA7526B1CA420002C540;
					};
				};
			};
			buildConfigurationList = 2B72FA7126B1CA420002C540 /* Build configuration list for PBXProject "Actions&outlets" */;
			compatibilityVersion = "Xcode 9.3";
			developmentRegion = en;
			hasScannedForEncodings = 0;
			knownRegions = (
				en,
				Base,
			);
			mainGroup = 2B72FA6D26B1CA420002C540;
			productRefGroup = 2B72FA7726B1CA420002C540 /* Products */;
			projectDirPath = "";
			projectRoot = "";
			targets = (
				2B72FA7526B1CA420002C540 /* Actions&outlets */,
				2B72FA8E26B1CA520002C540 /* Actions&outletsTests */,
				2B72FA9926B1CA530002C540 /* Actions&outletsUITests */,
			);
		};
/* End PBXProject section */

/* Begin PBXResourcesBuildPhase section */
		2B72FA7426B1CA420002C540 /* Resources */ = {
			isa = PBXResourcesBuildPhase;
			buildActionMask = 2147483647;
			files = (
				2B72FA8926B1CA520002C540 /* LaunchScreen.storyboard in Resources */,
				2B72FA8626B1CA520002C540 /* Assets.xcassets in Resources */,
				2B72FA8126B1CA420002C540 /* Main.storyboard in Resources */,
			);
			runOnlyForDeploymentPostprocessing = 0;
		};
		2B72FA8D26B1CA520002C540 /* Resources */ = {
			isa = PBXResourcesBuildPhase;
			buildActionMask = 2147483647;
			files = (
			);
			runOnlyForDeploymentPostprocessing = 0;
		};
		2B72FA9826B1CA530002C540 /* Resources */ = {
			isa = PBXResourcesBuildPhase;
			buildActionMask = 2147483647;
			files = (
			);
			runOnlyForDeploymentPostprocessing = 0;
		};
/* End PBXResourcesBuildPhase section */

/* Begin PBXSourcesBuildPhase section */
		2B72FA7226B1CA420002C540 /* Sources */ = {
			isa = PBXSourcesBuildPhase;
			buildActionMask = 2147483647;
			files = (
				2B72FA8426B1CA430002C540 /* Actions_outlets.xcdatamodeld in Sources */,
				2B72FA7E26B1CA420002C540 /* ViewController.swift in Sources */,
				2B72FA7A26B1CA420002C540 /* AppDelegate.swift in Sources */,
				2B72FA7C26B1CA420002C540 /* SceneDelegate.swift in Sources */,
			);
			runOnlyForDeploymentPostprocessing = 0;
		};
		2B72FA8B26B1CA520002C540 /* Sources */ = {
			isa = PBXSourcesBuildPhase;
			buildActionMask = 2147483647;
			files = (
				2B72FA9426B1CA530002C540 /* Actions_outletsTests.swift in Sources */,
			);
			runOnlyForDeploymentPostprocessing = 0;
		};
		2B72FA9626B1CA530002C540 /* Sources */ = {
			isa = PBXSourcesBuildPhase;
			buildActionMask = 2147483647;
			files = (
				2B72FA9F26B1CA530002C540 /* Actions_outletsUITests.swift in Sources */,
			);
			runOnlyForDeploymentPostprocessing = 0;
		};
/* End PBXSourcesBuildPhase section */

/* Begin PBXTargetDependency section */
		2B72FA9126B1CA530002C540 /* PBXTargetDependency */ = {
			isa = PBXTargetDependency;
			target = 2B72FA7526B1CA420002C540 /* Actions&outlets */;
			targetProxy = 2B72FA9026B1CA530002C540 /* PBXContainerItemProxy */;
		};
		2B72FA9C26B1CA530002C540 /* PBXTargetDependency */ = {
			isa = PBXTargetDependency;
			target = 2B72FA7526B1CA420002C540 /* Actions&outlets */;
			targetProxy = 2B72FA9B26B1CA530002C540 /* PBXContainerItemProxy */;
		};
/* End PBXTargetDependency section */

/* Begin PBXVariantGroup section */
		2B72FA7F26B1CA420002C540 /* Main.storyboard */ = {
			isa = PBXVariantGroup;
			children = (
				2B72FA8026B1CA420002C540 /* Base */,
			);
			name = Main.storyboard;
			sourceTree = "<group>";
		};
		2B72FA8726B1CA520002C540 /* LaunchScreen.storyboard */ = {
			isa = PBXVariantGroup;
			children = (
				2B72FA8826B1CA520002C540 /* Base */,
			);
			name = LaunchScreen.storyboard;
			sourceTree = "<group>";
		};
/* End PBXVariantGroup section */

/* Begin XCBuildConfiguration section */
		2B72FAA126B1CA530002C540 /* Debug */ = {
			isa = XCBuildConfiguration;
			buildSettings = {
				ALWAYS_SEARCH_USER_PATHS = NO;
				CLANG_ANALYZER_NONNULL = YES;
				CLANG_ANALYZER_NUMBER_OBJECT_CONVERSION = YES_AGGRESSIVE;
				CLANG_CXX_LANGUAGE_STANDARD = "gnu++14";
				CLANG_CXX_LIBRARY = "libc++";
				CLANG_ENABLE_MODULES = YES;
				CLANG_ENABLE_OBJC_ARC = YES;
				CLANG_ENABLE_OBJC_WEAK = YES;
				CLANG_WARN_BLOCK_CAPTURE_AUTORELEASING = YES;
				CLANG_WARN_BOOL_CONVERSION = YES;
				CLANG_WARN_COMMA = YES;
				CLANG_WARN_CONSTANT_CONVERSION = YES;
				CLANG_WARN_DEPRECATED_OBJC_IMPLEMENTATIONS = YES;
				CLANG_WARN_DIRECT_OBJC_ISA_USAGE = YES_ERROR;
				CLANG_WARN_DOCUMENTATION_COMMENTS = YES;
				CLANG_WARN_EMPTY_BODY = YES;
				CLANG_WARN_ENUM_CONVERSION = YES;
				CLANG_WARN_INFINITE_RECURSION = YES;
				CLANG_WARN_INT_CONVERSION = YES;
				CLANG_WARN_NON_LITERAL_NULL_CONVERSION = YES;
				CLANG_WARN_OBJC_IMPLICIT_RETAIN_SELF = YES;
				CLANG_WARN_OBJC_LITERAL_CONVERSION = YES;
				CLANG_WARN_OBJC_ROOT_CLASS = YES_ERROR;
				CLANG_WARN_QUOTED_INCLUDE_IN_FRAMEWORK_HEADER = YES;
				CLANG_WARN_RANGE_LOOP_ANALYSIS = YES;
				CLANG_WARN_STRICT_PROTOTYPES = YES;
				CLANG_WARN_SUSPICIOUS_MOVE = YES;
				CLANG_WARN_UNGUARDED_AVAILABILITY = YES_AGGRESSIVE;
				CLANG_WARN_UNREACHABLE_CODE = YES;
				CLANG_WARN__DUPLICATE_METHOD_MATCH = YES;
				COPY_PHASE_STRIP = NO;
				DEBUG_INFORMATION_FORMAT = dwarf;
				ENABLE_STRICT_OBJC_MSGSEND = YES;
				ENABLE_TESTABILITY = YES;
				GCC_C_LANGUAGE_STANDARD = gnu11;
				GCC_DYNAMIC_NO_PIC = NO;
				GCC_NO_COMMON_BLOCKS = YES;
				GCC_OPTIMIZATION_LEVEL = 0;
				GCC_PREPROCESSOR_DEFINITIONS = (
					"DEBUG=1",
					"$(inherited)",
				);
				GCC_WARN_64_TO_32_BIT_CONVERSION = YES;
				GCC_WARN_ABOUT_RETURN_TYPE = YES_ERROR;
				GCC_WARN_UNDECLARED_SELECTOR = YES;
				GCC_WARN_UNINITIALIZED_AUTOS = YES_AGGRESSIVE;
				GCC_WARN_UNUSED_FUNCTION = YES;
				GCC_WARN_UNUSED_VARIABLE = YES;
				IPHONEOS_DEPLOYMENT_TARGET = 14.5;
				MTL_ENABLE_DEBUG_INFO = INCLUDE_SOURCE;
				MTL_FAST_MATH = YES;
				ONLY_ACTIVE_ARCH = YES;
				SDKROOT = iphoneos;
				SWIFT_ACTIVE_COMPILATION_CONDITIONS = DEBUG;
				SWIFT_OPTIMIZATION_LEVEL = "-Onone";
			};
			name = Debug;
		};
		2B72FAA226B1CA530002C540 /* Release */ = {
			isa = XCBuildConfiguration;
			buildSettings = {
				ALWAYS_SEARCH_USER_PATHS = NO;
				CLANG_ANALYZER_NONNULL = YES;
				CLANG_ANALYZER_NUMBER_OBJECT_CONVERSION = YES_AGGRESSIVE;
				CLANG_CXX_LANGUAGE_STANDARD = "gnu++14";
				CLANG_CXX_LIBRARY = "libc++";
				CLANG_ENABLE_MODULES = YES;
				CLANG_ENABLE_OBJC_ARC = YES;
				CLANG_ENABLE_OBJC_WEAK = YES;
				CLANG_WARN_BLOCK_CAPTURE_AUTORELEASING = YES;
				CLANG_WARN_BOOL_CONVERSION = YES;
				CLANG_WARN_COMMA = YES;
				CLANG_WARN_CONSTANT_CONVERSION = YES;
				CLANG_WARN_DEPRECATED_OBJC_IMPLEMENTATIONS = YES;
				CLANG_WARN_DIRECT_OBJC_ISA_USAGE = YES_ERROR;
				CLANG_WARN_DOCUMENTATION_COMMENTS = YES;
				CLANG_WARN_EMPTY_BODY = YES;
				CLANG_WARN_ENUM_CONVERSION = YES;
				CLANG_WARN_INFINITE_RECURSION = YES;
				CLANG_WARN_INT_CONVERSION = YES;
				CLANG_WARN_NON_LITERAL_NULL_CONVERSION = YES;
				CLANG_WARN_OBJC_IMPLICIT_RETAIN_SELF = YES;
				CLANG_WARN_OBJC_LITERAL_CONVERSION = YES;
				CLANG_WARN_OBJC_ROOT_CLASS = YES_ERROR;
				CLANG_WARN_QUOTED_INCLUDE_IN_FRAMEWORK_HEADER = YES;
				CLANG_WARN_RANGE_LOOP_ANALYSIS = YES;
				CLANG_WARN_STRICT_PROTOTYPES = YES;
				CLANG_WARN_SUSPICIOUS_MOVE = YES;
				CLANG_WARN_UNGUARDED_AVAILABILITY = YES_AGGRESSIVE;
				CLANG_WARN_UNREACHABLE_CODE = YES;
				CLANG_WARN__DUPLICATE_METHOD_MATCH = YES;
				COPY_PHASE_STRIP = NO;
				DEBUG_INFORMATION_FORMAT = "dwarf-with-dsym";
				ENABLE_NS_ASSERTIONS = NO;
				ENABLE_STRICT_OBJC_MSGSEND = YES;
				GCC_C_LANGUAGE_STANDARD = gnu11;
				GCC_NO_COMMON_BLOCKS = YES;
				GCC_WARN_64_TO_32_BIT_CONVERSION = YES;
				GCC_WARN_ABOUT_RETURN_TYPE = YES_ERROR;
				GCC_WARN_UNDECLARED_SELECTOR = YES;
				GCC_WARN_UNINITIALIZED_AUTOS = YES_AGGRESSIVE;
				GCC_WARN_UNUSED_FUNCTION = YES;
				GCC_WARN_UNUSED_VARIABLE = YES;
				IPHONEOS_DEPLOYMENT_TARGET = 14.5;
				MTL_ENABLE_DEBUG_INFO = NO;
				MTL_FAST_MATH = YES;
				SDKROOT = iphoneos;
				SWIFT_COMPILATION_MODE = wholemodule;
				SWIFT_OPTIMIZATION_LEVEL = "-O";
				VALIDATE_PRODUCT = YES;
			};
			name = Release;
		};
		2B72FAA426B1CA530002C540 /* Debug */ = {
			isa = XCBuildConfiguration;
			buildSettings = {
				ASSETCATALOG_COMPILER_APPICON_NAME = AppIcon;
				ASSETCATALOG_COMPILER_GLOBAL_ACCENT_COLOR_NAME = AccentColor;
				CODE_SIGN_STYLE = Automatic;
				INFOPLIST_FILE = "Actions&outlets/Info.plist";
				LD_RUNPATH_SEARCH_PATHS = (
					"$(inherited)",
					"@executable_path/Frameworks",
				);
				PRODUCT_BUNDLE_IDENTIFIER = "Ioana.Actions-outlets";
				PRODUCT_NAME = "$(TARGET_NAME)";
				SWIFT_VERSION = 5.0;
				TARGETED_DEVICE_FAMILY = "1,2";
			};
			name = Debug;
		};
		2B72FAA526B1CA530002C540 /* Release */ = {
			isa = XCBuildConfiguration;
			buildSettings = {
				ASSETCATALOG_COMPILER_APPICON_NAME = AppIcon;
				ASSETCATALOG_COMPILER_GLOBAL_ACCENT_COLOR_NAME = AccentColor;
				CODE_SIGN_STYLE = Automatic;
				INFOPLIST_FILE = "Actions&outlets/Info.plist";
				LD_RUNPATH_SEARCH_PATHS = (
					"$(inherited)",
					"@executable_path/Frameworks",
				);
				PRODUCT_BUNDLE_IDENTIFIER = "Ioana.Actions-outlets";
				PRODUCT_NAME = "$(TARGET_NAME)";
				SWIFT_VERSION = 5.0;
				TARGETED_DEVICE_FAMILY = "1,2";
			};
			name = Release;
		};
		2B72FAA726B1CA530002C540 /* Debug */ = {
			isa = XCBuildConfiguration;
			buildSettings = {
				ALWAYS_EMBED_SWIFT_STANDARD_LIBRARIES = YES;
				BUNDLE_LOADER = "$(TEST_HOST)";
				CODE_SIGN_STYLE = Automatic;
				INFOPLIST_FILE = "Actions&outletsTests/Info.plist";
				IPHONEOS_DEPLOYMENT_TARGET = 14.5;
				LD_RUNPATH_SEARCH_PATHS = (
					"$(inherited)",
					"@executable_path/Frameworks",
					"@loader_path/Frameworks",
				);
				PRODUCT_BUNDLE_IDENTIFIER = "Ioana.Actions-outletsTests";
				PRODUCT_NAME = "$(TARGET_NAME)";
				SWIFT_VERSION = 5.0;
				TARGETED_DEVICE_FAMILY = "1,2";
				TEST_HOST = "$(BUILT_PRODUCTS_DIR)/Actions&outlets.app/Actions&outlets";
			};
			name = Debug;
		};
		2B72FAA826B1CA530002C540 /* Release */ = {
			isa = XCBuildConfiguration;
			buildSettings = {
				ALWAYS_EMBED_SWIFT_STANDARD_LIBRARIES = YES;
				BUNDLE_LOADER = "$(TEST_HOST)";
				CODE_SIGN_STYLE = Automatic;
				INFOPLIST_FILE = "Actions&outletsTests/Info.plist";
				IPHONEOS_DEPLOYMENT_TARGET = 14.5;
				LD_RUNPATH_SEARCH_PATHS = (
					"$(inherited)",
					"@executable_path/Frameworks",
					"@loader_path/Frameworks",
				);
				PRODUCT_BUNDLE_IDENTIFIER = "Ioana.Actions-outletsTests";
				PRODUCT_NAME = "$(TARGET_NAME)";
				SWIFT_VERSION = 5.0;
				TARGETED_DEVICE_FAMILY = "1,2";
				TEST_HOST = "$(BUILT_PRODUCTS_DIR)/Actions&outlets.app/Actions&outlets";
			};
			name = Release;
		};
		2B72FAAA26B1CA530002C540 /* Debug */ = {
			isa = XCBuildConfiguration;
			buildSettings = {
				ALWAYS_EMBED_SWIFT_STANDARD_LIBRARIES = YES;
				CODE_SIGN_STYLE = Automatic;
				INFOPLIST_FILE = "Actions&outletsUITests/Info.plist";
				LD_RUNPATH_SEARCH_PATHS = (
					"$(inherited)",
					"@executable_path/Frameworks",
					"@loader_path/Frameworks",
				);
				PRODUCT_BUNDLE_IDENTIFIER = "Ioana.Actions-outletsUITests";
				PRODUCT_NAME = "$(TARGET_NAME)";
				SWIFT_VERSION = 5.0;
				TARGETED_DEVICE_FAMILY = "1,2";
				TEST_TARGET_NAME = "Actions&outlets";
			};
			name = Debug;
		};
		2B72FAAB26B1CA530002C540 /* Release */ = {
			isa = XCBuildConfiguration;
			buildSettings = {
				ALWAYS_EMBED_SWIFT_STANDARD_LIBRARIES = YES;
				CODE_SIGN_STYLE = Automatic;
				INFOPLIST_FILE = "Actions&outletsUITests/Info.plist";
				LD_RUNPATH_SEARCH_PATHS = (
					"$(inherited)",
					"@executable_path/Frameworks",
					"@loader_path/Frameworks",
				);
				PRODUCT_BUNDLE_IDENTIFIER = "Ioana.Actions-outletsUITests";
				PRODUCT_NAME = "$(TARGET_NAME)";
				SWIFT_VERSION = 5.0;
				TARGETED_DEVICE_FAMILY = "1,2";
				TEST_TARGET_NAME = "Actions&outlets";
			};
			name = Release;
		};
/* End XCBuildConfiguration section */

/* Begin XCConfigurationList section */
		2B72FA7126B1CA420002C540 /* Build configuration list for PBXProject "Actions&outlets" */ = {
			isa = XCConfigurationList;
			buildConfigurations = (
				2B72FAA126B1CA530002C540 /* Debug */,
				2B72FAA226B1CA530002C540 /* Release */,
			);
			defaultConfigurationIsVisible = 0;
			defaultConfigurationName = Release;
		};
		2B72FAA326B1CA530002C540 /* Build configuration list for PBXNativeTarget "Actions&outlets" */ = {
			isa = XCConfigurationList;
			buildConfigurations = (
				2B72FAA426B1CA530002C540 /* Debug */,
				2B72FAA526B1CA530002C540 /* Release */,
			);
			defaultConfigurationIsVisible = 0;
			defaultConfigurationName = Release;
		};
		2B72FAA626B1CA530002C540 /* Build configuration list for PBXNativeTarget "Actions&outletsTests" */ = {
			isa = XCConfigurationList;
			buildConfigurations = (
				2B72FAA726B1CA530002C540 /* Debug */,
				2B72FAA826B1CA530002C540 /* Release */,
			);
			defaultConfigurationIsVisible = 0;
			defaultConfigurationName = Release;
		};
		2B72FAA926B1CA530002C540 /* Build configuration list for PBXNativeTarget "Actions&outletsUITests" */ = {
			isa = XCConfigurationList;
			buildConfigurations = (
				2B72FAAA26B1CA530002C540 /* Debug */,
				2B72FAAB26B1CA530002C540 /* Release */,
			);
			defaultConfigurationIsVisible = 0;
			defaultConfigurationName = Release;
		};
/* End XCConfigurationList section */

/* Begin XCVersionGroup section */
		2B72FA8226B1CA420002C540 /* Actions_outlets.xcdatamodeld */ = {
			isa = XCVersionGroup;
			children = (
				2B72FA8326B1CA420002C540 /* Actions_outlets.xcdatamodel */,
			);
			currentVersion = 2B72FA8326B1CA420002C540 /* Actions_outlets.xcdatamodel */;
			path = Actions_outlets.xcdatamodeld;
			sourceTree = "<group>";
			versionGroupType = wrapper.xcdatamodel;
		};
/* End XCVersionGroup section */
	};
	rootObject = 2B72FA6E26B1CA420002C540 /* Project object */;
}
