// !$*UTF8*$!
{
	archiveVersion = 1;
	classes = {
	};
	objectVersion = 50;
	objects = {

/* Begin PBXBuildFile section */
		2BDFD82D26B2D48B000EAF73 /* AppDelegate.swift in Sources */ = {isa = PBXBuildFile; fileRef = 2BDFD82C26B2D48B000EAF73 /* AppDelegate.swift */; };
		2BDFD82F26B2D48B000EAF73 /* SceneDelegate.swift in Sources */ = {isa = PBXBuildFile; fileRef = 2BDFD82E26B2D48B000EAF73 /* SceneDelegate.swift */; };
		2BDFD83126B2D48B000EAF73 /* ViewController.swift in Sources */ = {isa = PBXBuildFile; fileRef = 2BDFD83026B2D48B000EAF73 /* ViewController.swift */; };
		2BDFD83426B2D48B000EAF73 /* Main.storyboard in Resources */ = {isa = PBXBuildFile; fileRef = 2BDFD83226B2D48B000EAF73 /* Main.storyboard */; };
		2BDFD83726B2D48B000EAF73 /* MiniProyectAboutMe.xcdatamodeld in Sources */ = {isa = PBXBuildFile; fileRef = 2BDFD83526B2D48B000EAF73 /* MiniProyectAboutMe.xcdatamodeld */; };
		2BDFD83926B2D48F000EAF73 /* Assets.xcassets in Resources */ = {isa = PBXBuildFile; fileRef = 2BDFD83826B2D48F000EAF73 /* Assets.xcassets */; };
		2BDFD83C26B2D48F000EAF73 /* LaunchScreen.storyboard in Resources */ = {isa = PBXBuildFile; fileRef = 2BDFD83A26B2D48F000EAF73 /* LaunchScreen.storyboard */; };
		2BDFD84726B2D48F000EAF73 /* MiniProyectAboutMeTests.swift in Sources */ = {isa = PBXBuildFile; fileRef = 2BDFD84626B2D48F000EAF73 /* MiniProyectAboutMeTests.swift */; };
		2BDFD85226B2D48F000EAF73 /* MiniProyectAboutMeUITests.swift in Sources */ = {isa = PBXBuildFile; fileRef = 2BDFD85126B2D48F000EAF73 /* MiniProyectAboutMeUITests.swift */; };
/* End PBXBuildFile section */

/* Begin PBXContainerItemProxy section */
		2BDFD84326B2D48F000EAF73 /* PBXContainerItemProxy */ = {
			isa = PBXContainerItemProxy;
			containerPortal = 2BDFD82126B2D48B000EAF73 /* Project object */;
			proxyType = 1;
			remoteGlobalIDString = 2BDFD82826B2D48B000EAF73;
			remoteInfo = MiniProyectAboutMe;
		};
		2BDFD84E26B2D48F000EAF73 /* PBXContainerItemProxy */ = {
			isa = PBXContainerItemProxy;
			containerPortal = 2BDFD82126B2D48B000EAF73 /* Project object */;
			proxyType = 1;
			remoteGlobalIDString = 2BDFD82826B2D48B000EAF73;
			remoteInfo = MiniProyectAboutMe;
		};
/* End PBXContainerItemProxy section */

/* Begin PBXFileReference section */
		2BDFD82926B2D48B000EAF73 /* MiniProyectAboutMe.app */ = {isa = PBXFileReference; explicitFileType = wrapper.application; includeInIndex = 0; path = MiniProyectAboutMe.app; sourceTree = BUILT_PRODUCTS_DIR; };
		2BDFD82C26B2D48B000EAF73 /* AppDelegate.swift */ = {isa = PBXFileReference; lastKnownFileType = sourcecode.swift; path = AppDelegate.swift; sourceTree = "<group>"; };
		2BDFD82E26B2D48B000EAF73 /* SceneDelegate.swift */ = {isa = PBXFileReference; lastKnownFileType = sourcecode.swift; path = SceneDelegate.swift; sourceTree = "<group>"; };
		2BDFD83026B2D48B000EAF73 /* ViewController.swift */ = {isa = PBXFileReference; lastKnownFileType = sourcecode.swift; path = ViewController.swift; sourceTree = "<group>"; };
		2BDFD83326B2D48B000EAF73 /* Base */ = {isa = PBXFileReference; lastKnownFileType = file.storyboard; name = Base; path = Base.lproj/Main.storyboard; sourceTree = "<group>"; };
		2BDFD83626B2D48B000EAF73 /* MiniProyectAboutMe.xcdatamodel */ = {isa = PBXFileReference; lastKnownFileType = wrapper.xcdatamodel; path = MiniProyectAboutMe.xcdatamodel; sourceTree = "<group>"; };
		2BDFD83826B2D48F000EAF73 /* Assets.xcassets */ = {isa = PBXFileReference; lastKnownFileType = folder.assetcatalog; path = Assets.xcassets; sourceTree = "<group>"; };
		2BDFD83B26B2D48F000EAF73 /* Base */ = {isa = PBXFileReference; lastKnownFileType = file.storyboard; name = Base; path = Base.lproj/LaunchScreen.storyboard; sourceTree = "<group>"; };
		2BDFD83D26B2D48F000EAF73 /* Info.plist */ = {isa = PBXFileReference; lastKnownFileType = text.plist.xml; path = Info.plist; sourceTree = "<group>"; };
		2BDFD84226B2D48F000EAF73 /* MiniProyectAboutMeTests.xctest */ = {isa = PBXFileReference; explicitFileType = wrapper.cfbundle; includeInIndex = 0; path = MiniProyectAboutMeTests.xctest; sourceTree = BUILT_PRODUCTS_DIR; };
		2BDFD84626B2D48F000EAF73 /* MiniProyectAboutMeTests.swift */ = {isa = PBXFileReference; lastKnownFileType = sourcecode.swift; path = MiniProyectAboutMeTests.swift; sourceTree = "<group>"; };
		2BDFD84826B2D48F000EAF73 /* Info.plist */ = {isa = PBXFileReference; lastKnownFileType = text.plist.xml; path = Info.plist; sourceTree = "<group>"; };
		2BDFD84D26B2D48F000EAF73 /* MiniProyectAboutMeUITests.xctest */ = {isa = PBXFileReference; explicitFileType = wrapper.cfbundle; includeInIndex = 0; path = MiniProyectAboutMeUITests.xctest; sourceTree = BUILT_PRODUCTS_DIR; };
		2BDFD85126B2D48F000EAF73 /* MiniProyectAboutMeUITests.swift */ = {isa = PBXFileReference; lastKnownFileType = sourcecode.swift; path = MiniProyectAboutMeUITests.swift; sourceTree = "<group>"; };
		2BDFD85326B2D48F000EAF73 /* Info.plist */ = {isa = PBXFileReference; lastKnownFileType = text.plist.xml; path = Info.plist; sourceTree = "<group>"; };
/* End PBXFileReference section */

/* Begin PBXFrameworksBuildPhase section */
		2BDFD82626B2D48B000EAF73 /* Frameworks */ = {
			isa = PBXFrameworksBuildPhase;
			buildActionMask = 2147483647;
			files = (
			);
			runOnlyForDeploymentPostprocessing = 0;
		};
		2BDFD83F26B2D48F000EAF73 /* Frameworks */ = {
			isa = PBXFrameworksBuildPhase;
			buildActionMask = 2147483647;
			files = (
			);
			runOnlyForDeploymentPostprocessing = 0;
		};
		2BDFD84A26B2D48F000EAF73 /* Frameworks */ = {
			isa = PBXFrameworksBuildPhase;
			buildActionMask = 2147483647;
			files = (
			);
			runOnlyForDeploymentPostprocessing = 0;
		};
/* End PBXFrameworksBuildPhase section */

/* Begin PBXGroup section */
		2BDFD82026B2D48B000EAF73 = {
			isa = PBXGroup;
			children = (
				2BDFD82B26B2D48B000EAF73 /* MiniProyectAboutMe */,
				2BDFD84526B2D48F000EAF73 /* MiniProyectAboutMeTests */,
				2BDFD85026B2D48F000EAF73 /* MiniProyectAboutMeUITests */,
				2BDFD82A26B2D48B000EAF73 /* Products */,
			);
			sourceTree = "<group>";
		};
		2BDFD82A26B2D48B000EAF73 /* Products */ = {
			isa = PBXGroup;
			children = (
				2BDFD82926B2D48B000EAF73 /* MiniProyectAboutMe.app */,
				2BDFD84226B2D48F000EAF73 /* MiniProyectAboutMeTests.xctest */,
				2BDFD84D26B2D48F000EAF73 /* MiniProyectAboutMeUITests.xctest */,
			);
			name = Products;
			sourceTree = "<group>";
		};
		2BDFD82B26B2D48B000EAF73 /* MiniProyectAboutMe */ = {
			isa = PBXGroup;
			children = (
				2BDFD82C26B2D48B000EAF73 /* AppDelegate.swift */,
				2BDFD82E26B2D48B000EAF73 /* SceneDelegate.swift */,
				2BDFD83026B2D48B000EAF73 /* ViewController.swift */,
				2BDFD83226B2D48B000EAF73 /* Main.storyboard */,
				2BDFD83826B2D48F000EAF73 /* Assets.xcassets */,
				2BDFD83A26B2D48F000EAF73 /* LaunchScreen.storyboard */,
				2BDFD83D26B2D48F000EAF73 /* Info.plist */,
				2BDFD83526B2D48B000EAF73 /* MiniProyectAboutMe.xcdatamodeld */,
			);
			path = MiniProyectAboutMe;
			sourceTree = "<group>";
		};
		2BDFD84526B2D48F000EAF73 /* MiniProyectAboutMeTests */ = {
			isa = PBXGroup;
			children = (
				2BDFD84626B2D48F000EAF73 /* MiniProyectAboutMeTests.swift */,
				2BDFD84826B2D48F000EAF73 /* Info.plist */,
			);
			path = MiniProyectAboutMeTests;
			sourceTree = "<group>";
		};
		2BDFD85026B2D48F000EAF73 /* MiniProyectAboutMeUITests */ = {
			isa = PBXGroup;
			children = (
				2BDFD85126B2D48F000EAF73 /* MiniProyectAboutMeUITests.swift */,
				2BDFD85326B2D48F000EAF73 /* Info.plist */,
			);
			path = MiniProyectAboutMeUITests;
			sourceTree = "<group>";
		};
/* End PBXGroup section */

/* Begin PBXNativeTarget section */
		2BDFD82826B2D48B000EAF73 /* MiniProyectAboutMe */ = {
			isa = PBXNativeTarget;
			buildConfigurationList = 2BDFD85626B2D48F000EAF73 /* Build configuration list for PBXNativeTarget "MiniProyectAboutMe" */;
			buildPhases = (
				2BDFD82526B2D48B000EAF73 /* Sources */,
				2BDFD82626B2D48B000EAF73 /* Frameworks */,
				2BDFD82726B2D48B000EAF73 /* Resources */,
			);
			buildRules = (
			);
			dependencies = (
			);
			name = MiniProyectAboutMe;
			productName = MiniProyectAboutMe;
			productReference = 2BDFD82926B2D48B000EAF73 /* MiniProyectAboutMe.app */;
			productType = "com.apple.product-type.application";
		};
		2BDFD84126B2D48F000EAF73 /* MiniProyectAboutMeTests */ = {
			isa = PBXNativeTarget;
			buildConfigurationList = 2BDFD85926B2D48F000EAF73 /* Build configuration list for PBXNativeTarget "MiniProyectAboutMeTests" */;
			buildPhases = (
				2BDFD83E26B2D48F000EAF73 /* Sources */,
				2BDFD83F26B2D48F000EAF73 /* Frameworks */,
				2BDFD84026B2D48F000EAF73 /* Resources */,
			);
			buildRules = (
			);
			dependencies = (
				2BDFD84426B2D48F000EAF73 /* PBXTargetDependency */,
			);
			name = MiniProyectAboutMeTests;
			productName = MiniProyectAboutMeTests;
			productReference = 2BDFD84226B2D48F000EAF73 /* MiniProyectAboutMeTests.xctest */;
			productType = "com.apple.product-type.bundle.unit-test";
		};
		2BDFD84C26B2D48F000EAF73 /* MiniProyectAboutMeUITests */ = {
			isa = PBXNativeTarget;
			buildConfigurationList = 2BDFD85C26B2D48F000EAF73 /* Build configuration list for PBXNativeTarget "MiniProyectAboutMeUITests" */;
			buildPhases = (
				2BDFD84926B2D48F000EAF73 /* Sources */,
				2BDFD84A26B2D48F000EAF73 /* Frameworks */,
				2BDFD84B26B2D48F000EAF73 /* Resources */,
			);
			buildRules = (
			);
			dependencies = (
				2BDFD84F26B2D48F000EAF73 /* PBXTargetDependency */,
			);
			name = MiniProyectAboutMeUITests;
			productName = MiniProyectAboutMeUITests;
			productReference = 2BDFD84D26B2D48F000EAF73 /* MiniProyectAboutMeUITests.xctest */;
			productType = "com.apple.product-type.bundle.ui-testing";
		};
/* End PBXNativeTarget section */

/* Begin PBXProject section */
		2BDFD82126B2D48B000EAF73 /* Project object */ = {
			isa = PBXProject;
			attributes = {
				LastSwiftUpdateCheck = 1250;
				LastUpgradeCheck = 1250;
				TargetAttributes = {
					2BDFD82826B2D48B000EAF73 = {
						CreatedOnToolsVersion = 12.5.1;
					};
					2BDFD84126B2D48F000EAF73 = {
						CreatedOnToolsVersion = 12.5.1;
						TestTargetID = 2BDFD82826B2D48B000EAF73;
					};
					2BDFD84C26B2D48F000EAF73 = {
						CreatedOnToolsVersion = 12.5.1;
						TestTargetID = 2BDFD82826B2D48B000EAF73;
					};
				};
			};
			buildConfigurationList = 2BDFD82426B2D48B000EAF73 /* Build configuration list for PBXProject "MiniProyectAboutMe" */;
			compatibilityVersion = "Xcode 9.3";
			developmentRegion = en;
			hasScannedForEncodings = 0;
			knownRegions = (
				en,
				Base,
			);
			mainGroup = 2BDFD82026B2D48B000EAF73;
			productRefGroup = 2BDFD82A26B2D48B000EAF73 /* Products */;
			projectDirPath = "";
			projectRoot = "";
			targets = (
				2BDFD82826B2D48B000EAF73 /* MiniProyectAboutMe */,
				2BDFD84126B2D48F000EAF73 /* MiniProyectAboutMeTests */,
				2BDFD84C26B2D48F000EAF73 /* MiniProyectAboutMeUITests */,
			);
		};
/* End PBXProject section */

/* Begin PBXResourcesBuildPhase section */
		2BDFD82726B2D48B000EAF73 /* Resources */ = {
			isa = PBXResourcesBuildPhase;
			buildActionMask = 2147483647;
			files = (
				2BDFD83C26B2D48F000EAF73 /* LaunchScreen.storyboard in Resources */,
				2BDFD83926B2D48F000EAF73 /* Assets.xcassets in Resources */,
				2BDFD83426B2D48B000EAF73 /* Main.storyboard in Resources */,
			);
			runOnlyForDeploymentPostprocessing = 0;
		};
		2BDFD84026B2D48F000EAF73 /* Resources */ = {
			isa = PBXResourcesBuildPhase;
			buildActionMask = 2147483647;
			files = (
			);
			runOnlyForDeploymentPostprocessing = 0;
		};
		2BDFD84B26B2D48F000EAF73 /* Resources */ = {
			isa = PBXResourcesBuildPhase;
			buildActionMask = 2147483647;
			files = (
			);
			runOnlyForDeploymentPostprocessing = 0;
		};
/* End PBXResourcesBuildPhase section */

/* Begin PBXSourcesBuildPhase section */
		2BDFD82526B2D48B000EAF73 /* Sources */ = {
			isa = PBXSourcesBuildPhase;
			buildActionMask = 2147483647;
			files = (
				2BDFD83126B2D48B000EAF73 /* ViewController.swift in Sources */,
				2BDFD82D26B2D48B000EAF73 /* AppDelegate.swift in Sources */,
				2BDFD82F26B2D48B000EAF73 /* SceneDelegate.swift in Sources */,
				2BDFD83726B2D48B000EAF73 /* MiniProyectAboutMe.xcdatamodeld in Sources */,
			);
			runOnlyForDeploymentPostprocessing = 0;
		};
		2BDFD83E26B2D48F000EAF73 /* Sources */ = {
			isa = PBXSourcesBuildPhase;
			buildActionMask = 2147483647;
			files = (
				2BDFD84726B2D48F000EAF73 /* MiniProyectAboutMeTests.swift in Sources */,
			);
			runOnlyForDeploymentPostprocessing = 0;
		};
		2BDFD84926B2D48F000EAF73 /* Sources */ = {
			isa = PBXSourcesBuildPhase;
			buildActionMask = 2147483647;
			files = (
				2BDFD85226B2D48F000EAF73 /* MiniProyectAboutMeUITests.swift in Sources */,
			);
			runOnlyForDeploymentPostprocessing = 0;
		};
/* End PBXSourcesBuildPhase section */

/* Begin PBXTargetDependency section */
		2BDFD84426B2D48F000EAF73 /* PBXTargetDependency */ = {
			isa = PBXTargetDependency;
			target = 2BDFD82826B2D48B000EAF73 /* MiniProyectAboutMe */;
			targetProxy = 2BDFD84326B2D48F000EAF73 /* PBXContainerItemProxy */;
		};
		2BDFD84F26B2D48F000EAF73 /* PBXTargetDependency */ = {
			isa = PBXTargetDependency;
			target = 2BDFD82826B2D48B000EAF73 /* MiniProyectAboutMe */;
			targetProxy = 2BDFD84E26B2D48F000EAF73 /* PBXContainerItemProxy */;
		};
/* End PBXTargetDependency section */

/* Begin PBXVariantGroup section */
		2BDFD83226B2D48B000EAF73 /* Main.storyboard */ = {
			isa = PBXVariantGroup;
			children = (
				2BDFD83326B2D48B000EAF73 /* Base */,
			);
			name = Main.storyboard;
			sourceTree = "<group>";
		};
		2BDFD83A26B2D48F000EAF73 /* LaunchScreen.storyboard */ = {
			isa = PBXVariantGroup;
			children = (
				2BDFD83B26B2D48F000EAF73 /* Base */,
			);
			name = LaunchScreen.storyboard;
			sourceTree = "<group>";
		};
/* End PBXVariantGroup section */

/* Begin XCBuildConfiguration section */
		2BDFD85426B2D48F000EAF73 /* Debug */ = {
			isa = XCBuildConfiguration;
			buildSettings = {
				ALWAYS_SEARCH_USER_PATHS = NO;
				CLANG_ANALYZER_NONNULL = YES;
				CLANG_ANALYZER_NUMBER_OBJECT_CONVERSION = YES_AGGRESSIVE;
				CLANG_CXX_LANGUAGE_STANDARD = "gnu++14";
				CLANG_CXX_LIBRARY = "libc++";
				CLANG_ENABLE_MODULES = YES;
				CLANG_ENABLE_OBJC_ARC = YES;
				CLANG_ENABLE_OBJC_WEAK = YES;
				CLANG_WARN_BLOCK_CAPTURE_AUTORELEASING = YES;
				CLANG_WARN_BOOL_CONVERSION = YES;
				CLANG_WARN_COMMA = YES;
				CLANG_WARN_CONSTANT_CONVERSION = YES;
				CLANG_WARN_DEPRECATED_OBJC_IMPLEMENTATIONS = YES;
				CLANG_WARN_DIRECT_OBJC_ISA_USAGE = YES_ERROR;
				CLANG_WARN_DOCUMENTATION_COMMENTS = YES;
				CLANG_WARN_EMPTY_BODY = YES;
				CLANG_WARN_ENUM_CONVERSION = YES;
				CLANG_WARN_INFINITE_RECURSION = YES;
				CLANG_WARN_INT_CONVERSION = YES;
				CLANG_WARN_NON_LITERAL_NULL_CONVERSION = YES;
				CLANG_WARN_OBJC_IMPLICIT_RETAIN_SELF = YES;
				CLANG_WARN_OBJC_LITERAL_CONVERSION = YES;
				CLANG_WARN_OBJC_ROOT_CLASS = YES_ERROR;
				CLANG_WARN_QUOTED_INCLUDE_IN_FRAMEWORK_HEADER = YES;
				CLANG_WARN_RANGE_LOOP_ANALYSIS = YES;
				CLANG_WARN_STRICT_PROTOTYPES = YES;
				CLANG_WARN_SUSPICIOUS_MOVE = YES;
				CLANG_WARN_UNGUARDED_AVAILABILITY = YES_AGGRESSIVE;
				CLANG_WARN_UNREACHABLE_CODE = YES;
				CLANG_WARN__DUPLICATE_METHOD_MATCH = YES;
				COPY_PHASE_STRIP = NO;
				DEBUG_INFORMATION_FORMAT = dwarf;
				ENABLE_STRICT_OBJC_MSGSEND = YES;
				ENABLE_TESTABILITY = YES;
				GCC_C_LANGUAGE_STANDARD = gnu11;
				GCC_DYNAMIC_NO_PIC = NO;
				GCC_NO_COMMON_BLOCKS = YES;
				GCC_OPTIMIZATION_LEVEL = 0;
				GCC_PREPROCESSOR_DEFINITIONS = (
					"DEBUG=1",
					"$(inherited)",
				);
				GCC_WARN_64_TO_32_BIT_CONVERSION = YES;
				GCC_WARN_ABOUT_RETURN_TYPE = YES_ERROR;
				GCC_WARN_UNDECLARED_SELECTOR = YES;
				GCC_WARN_UNINITIALIZED_AUTOS = YES_AGGRESSIVE;
				GCC_WARN_UNUSED_FUNCTION = YES;
				GCC_WARN_UNUSED_VARIABLE = YES;
				IPHONEOS_DEPLOYMENT_TARGET = 14.5;
				MTL_ENABLE_DEBUG_INFO = INCLUDE_SOURCE;
				MTL_FAST_MATH = YES;
				ONLY_ACTIVE_ARCH = YES;
				SDKROOT = iphoneos;
				SWIFT_ACTIVE_COMPILATION_CONDITIONS = DEBUG;
				SWIFT_OPTIMIZATION_LEVEL = "-Onone";
			};
			name = Debug;
		};
		2BDFD85526B2D48F000EAF73 /* Release */ = {
			isa = XCBuildConfiguration;
			buildSettings = {
				ALWAYS_SEARCH_USER_PATHS = NO;
				CLANG_ANALYZER_NONNULL = YES;
				CLANG_ANALYZER_NUMBER_OBJECT_CONVERSION = YES_AGGRESSIVE;
				CLANG_CXX_LANGUAGE_STANDARD = "gnu++14";
				CLANG_CXX_LIBRARY = "libc++";
				CLANG_ENABLE_MODULES = YES;
				CLANG_ENABLE_OBJC_ARC = YES;
				CLANG_ENABLE_OBJC_WEAK = YES;
				CLANG_WARN_BLOCK_CAPTURE_AUTORELEASING = YES;
				CLANG_WARN_BOOL_CONVERSION = YES;
				CLANG_WARN_COMMA = YES;
				CLANG_WARN_CONSTANT_CONVERSION = YES;
				CLANG_WARN_DEPRECATED_OBJC_IMPLEMENTATIONS = YES;
				CLANG_WARN_DIRECT_OBJC_ISA_USAGE = YES_ERROR;
				CLANG_WARN_DOCUMENTATION_COMMENTS = YES;
				CLANG_WARN_EMPTY_BODY = YES;
				CLANG_WARN_ENUM_CONVERSION = YES;
				CLANG_WARN_INFINITE_RECURSION = YES;
				CLANG_WARN_INT_CONVERSION = YES;
				CLANG_WARN_NON_LITERAL_NULL_CONVERSION = YES;
				CLANG_WARN_OBJC_IMPLICIT_RETAIN_SELF = YES;
				CLANG_WARN_OBJC_LITERAL_CONVERSION = YES;
				CLANG_WARN_OBJC_ROOT_CLASS = YES_ERROR;
				CLANG_WARN_QUOTED_INCLUDE_IN_FRAMEWORK_HEADER = YES;
				CLANG_WARN_RANGE_LOOP_ANALYSIS = YES;
				CLANG_WARN_STRICT_PROTOTYPES = YES;
				CLANG_WARN_SUSPICIOUS_MOVE = YES;
				CLANG_WARN_UNGUARDED_AVAILABILITY = YES_AGGRESSIVE;
				CLANG_WARN_UNREACHABLE_CODE = YES;
				CLANG_WARN__DUPLICATE_METHOD_MATCH = YES;
				COPY_PHASE_STRIP = NO;
				DEBUG_INFORMATION_FORMAT = "dwarf-with-dsym";
				ENABLE_NS_ASSERTIONS = NO;
				ENABLE_STRICT_OBJC_MSGSEND = YES;
				GCC_C_LANGUAGE_STANDARD = gnu11;
				GCC_NO_COMMON_BLOCKS = YES;
				GCC_WARN_64_TO_32_BIT_CONVERSION = YES;
				GCC_WARN_ABOUT_RETURN_TYPE = YES_ERROR;
				GCC_WARN_UNDECLARED_SELECTOR = YES;
				GCC_WARN_UNINITIALIZED_AUTOS = YES_AGGRESSIVE;
				GCC_WARN_UNUSED_FUNCTION = YES;
				GCC_WARN_UNUSED_VARIABLE = YES;
				IPHONEOS_DEPLOYMENT_TARGET = 14.5;
				MTL_ENABLE_DEBUG_INFO = NO;
				MTL_FAST_MATH = YES;
				SDKROOT = iphoneos;
				SWIFT_COMPILATION_MODE = wholemodule;
				SWIFT_OPTIMIZATION_LEVEL = "-O";
				VALIDATE_PRODUCT = YES;
			};
			name = Release;
		};
		2BDFD85726B2D48F000EAF73 /* Debug */ = {
			isa = XCBuildConfiguration;
			buildSettings = {
				ASSETCATALOG_COMPILER_APPICON_NAME = AppIcon;
				ASSETCATALOG_COMPILER_GLOBAL_ACCENT_COLOR_NAME = AccentColor;
				CODE_SIGN_STYLE = Automatic;
				INFOPLIST_FILE = MiniProyectAboutMe/Info.plist;
				LD_RUNPATH_SEARCH_PATHS = (
					"$(inherited)",
					"@executable_path/Frameworks",
				);
				PRODUCT_BUNDLE_IDENTIFIER = Ioana.MiniProyectAboutMe;
				PRODUCT_NAME = "$(TARGET_NAME)";
				SWIFT_VERSION = 5.0;
				TARGETED_DEVICE_FAMILY = "1,2";
			};
			name = Debug;
		};
		2BDFD85826B2D48F000EAF73 /* Release */ = {
			isa = XCBuildConfiguration;
			buildSettings = {
				ASSETCATALOG_COMPILER_APPICON_NAME = AppIcon;
				ASSETCATALOG_COMPILER_GLOBAL_ACCENT_COLOR_NAME = AccentColor;
				CODE_SIGN_STYLE = Automatic;
				INFOPLIST_FILE = MiniProyectAboutMe/Info.plist;
				LD_RUNPATH_SEARCH_PATHS = (
					"$(inherited)",
					"@executable_path/Frameworks",
				);
				PRODUCT_BUNDLE_IDENTIFIER = Ioana.MiniProyectAboutMe;
				PRODUCT_NAME = "$(TARGET_NAME)";
				SWIFT_VERSION = 5.0;
				TARGETED_DEVICE_FAMILY = "1,2";
			};
			name = Release;
		};
		2BDFD85A26B2D48F000EAF73 /* Debug */ = {
			isa = XCBuildConfiguration;
			buildSettings = {
				ALWAYS_EMBED_SWIFT_STANDARD_LIBRARIES = YES;
				BUNDLE_LOADER = "$(TEST_HOST)";
				CODE_SIGN_STYLE = Automatic;
				INFOPLIST_FILE = MiniProyectAboutMeTests/Info.plist;
				IPHONEOS_DEPLOYMENT_TARGET = 14.5;
				LD_RUNPATH_SEARCH_PATHS = (
					"$(inherited)",
					"@executable_path/Frameworks",
					"@loader_path/Frameworks",
				);
				PRODUCT_BUNDLE_IDENTIFIER = Ioana.MiniProyectAboutMeTests;
				PRODUCT_NAME = "$(TARGET_NAME)";
				SWIFT_VERSION = 5.0;
				TARGETED_DEVICE_FAMILY = "1,2";
				TEST_HOST = "$(BUILT_PRODUCTS_DIR)/MiniProyectAboutMe.app/MiniProyectAboutMe";
			};
			name = Debug;
		};
		2BDFD85B26B2D48F000EAF73 /* Release */ = {
			isa = XCBuildConfiguration;
			buildSettings = {
				ALWAYS_EMBED_SWIFT_STANDARD_LIBRARIES = YES;
				BUNDLE_LOADER = "$(TEST_HOST)";
				CODE_SIGN_STYLE = Automatic;
				INFOPLIST_FILE = MiniProyectAboutMeTests/Info.plist;
				IPHONEOS_DEPLOYMENT_TARGET = 14.5;
				LD_RUNPATH_SEARCH_PATHS = (
					"$(inherited)",
					"@executable_path/Frameworks",
					"@loader_path/Frameworks",
				);
				PRODUCT_BUNDLE_IDENTIFIER = Ioana.MiniProyectAboutMeTests;
				PRODUCT_NAME = "$(TARGET_NAME)";
				SWIFT_VERSION = 5.0;
				TARGETED_DEVICE_FAMILY = "1,2";
				TEST_HOST = "$(BUILT_PRODUCTS_DIR)/MiniProyectAboutMe.app/MiniProyectAboutMe";
			};
			name = Release;
		};
		2BDFD85D26B2D48F000EAF73 /* Debug */ = {
			isa = XCBuildConfiguration;
			buildSettings = {
				ALWAYS_EMBED_SWIFT_STANDARD_LIBRARIES = YES;
				CODE_SIGN_STYLE = Automatic;
				INFOPLIST_FILE = MiniProyectAboutMeUITests/Info.plist;
				LD_RUNPATH_SEARCH_PATHS = (
					"$(inherited)",
					"@executable_path/Frameworks",
					"@loader_path/Frameworks",
				);
				PRODUCT_BUNDLE_IDENTIFIER = Ioana.MiniProyectAboutMeUITests;
				PRODUCT_NAME = "$(TARGET_NAME)";
				SWIFT_VERSION = 5.0;
				TARGETED_DEVICE_FAMILY = "1,2";
				TEST_TARGET_NAME = MiniProyectAboutMe;
			};
			name = Debug;
		};
		2BDFD85E26B2D48F000EAF73 /* Release */ = {
			isa = XCBuildConfiguration;
			buildSettings = {
				ALWAYS_EMBED_SWIFT_STANDARD_LIBRARIES = YES;
				CODE_SIGN_STYLE = Automatic;
				INFOPLIST_FILE = MiniProyectAboutMeUITests/Info.plist;
				LD_RUNPATH_SEARCH_PATHS = (
					"$(inherited)",
					"@executable_path/Frameworks",
					"@loader_path/Frameworks",
				);
				PRODUCT_BUNDLE_IDENTIFIER = Ioana.MiniProyectAboutMeUITests;
				PRODUCT_NAME = "$(TARGET_NAME)";
				SWIFT_VERSION = 5.0;
				TARGETED_DEVICE_FAMILY = "1,2";
				TEST_TARGET_NAME = MiniProyectAboutMe;
			};
			name = Release;
		};
/* End XCBuildConfiguration section */

/* Begin XCConfigurationList section */
		2BDFD82426B2D48B000EAF73 /* Build configuration list for PBXProject "MiniProyectAboutMe" */ = {
			isa = XCConfigurationList;
			buildConfigurations = (
				2BDFD85426B2D48F000EAF73 /* Debug */,
				2BDFD85526B2D48F000EAF73 /* Release */,
			);
			defaultConfigurationIsVisible = 0;
			defaultConfigurationName = Release;
		};
		2BDFD85626B2D48F000EAF73 /* Build configuration list for PBXNativeTarget "MiniProyectAboutMe" */ = {
			isa = XCConfigurationList;
			buildConfigurations = (
				2BDFD85726B2D48F000EAF73 /* Debug */,
				2BDFD85826B2D48F000EAF73 /* Release */,
			);
			defaultConfigurationIsVisible = 0;
			defaultConfigurationName = Release;
		};
		2BDFD85926B2D48F000EAF73 /* Build configuration list for PBXNativeTarget "MiniProyectAboutMeTests" */ = {
			isa = XCConfigurationList;
			buildConfigurations = (
				2BDFD85A26B2D48F000EAF73 /* Debug */,
				2BDFD85B26B2D48F000EAF73 /* Release */,
			);
			defaultConfigurationIsVisible = 0;
			defaultConfigurationName = Release;
		};
		2BDFD85C26B2D48F000EAF73 /* Build configuration list for PBXNativeTarget "MiniProyectAboutMeUITests" */ = {
			isa = XCConfigurationList;
			buildConfigurations = (
				2BDFD85D26B2D48F000EAF73 /* Debug */,
				2BDFD85E26B2D48F000EAF73 /* Release */,
			);
			defaultConfigurationIsVisible = 0;
			defaultConfigurationName = Release;
		};
/* End XCConfigurationList section */

/* Begin XCVersionGroup section */
		2BDFD83526B2D48B000EAF73 /* MiniProyectAboutMe.xcdatamodeld */ = {
			isa = XCVersionGroup;
			children = (
				2BDFD83626B2D48B000EAF73 /* MiniProyectAboutMe.xcdatamodel */,
			);
			currentVersion = 2BDFD83626B2D48B000EAF73 /* MiniProyectAboutMe.xcdatamodel */;
			path = MiniProyectAboutMe.xcdatamodeld;
			sourceTree = "<group>";
			versionGroupType = wrapper.xcdatamodel;
		};
/* End XCVersionGroup section */
	};
	rootObject = 2BDFD82126B2D48B000EAF73 /* Project object */;
}
